
Microsoft Visual Studio Solution File, Format Version 12.00
# Visual Studio 15
VisualStudioVersion = 15.0.26730.12
MinimumVisualStudioVersion = 10.0.40219.1
Project("{FAE04EC0-301F-11D3-BF4B-00C04F79EFBC}") = "TestApp", "TestApp\TestApp.csproj", "{AD30DB2C-161C-4B1A-A425-108566576730}"
EndProject
Project("{FAE04EC0-301F-11D3-BF4B-00C04F79EFBC}") = "EntityFrameworkCore", "EntityFrameworkCore\EntityFrameworkCore.csproj", "{8C7D7E9F-551B-4883-AF59-4E6E90CDF61E}"
EndProject
Project("{FAE04EC0-301F-11D3-BF4B-00C04F79EFBC}") = "Baah", "Baah\Baah.csproj", "{4B820EA8-64D1-446A-882C-D8F25B2B1E3F}"
EndProject
Global
	GlobalSection(SolutionConfigurationPlatforms) = preSolution
		Debug|Any CPU = Debug|Any CPU
		Release|Any CPU = Release|Any CPU
	EndGlobalSection
	GlobalSection(ProjectConfigurationPlatforms) = postSolution
		{AD30DB2C-161C-4B1A-A425-108566576730}.Debug|Any CPU.ActiveCfg = Debug|Any CPU
		{AD30DB2C-161C-4B1A-A425-108566576730}.Debug|Any CPU.Build.0 = Debug|Any CPU
		{AD30DB2C-161C-4B1A-A425-108566576730}.Release|Any CPU.ActiveCfg = Release|Any CPU
		{AD30DB2C-161C-4B1A-A425-108566576730}.Release|Any CPU.Build.0 = Release|Any CPU
		{8C7D7E9F-551B-4883-AF59-4E6E90CDF61E}.Debug|Any CPU.ActiveCfg = Debug|Any CPU
		{8C7D7E9F-551B-4883-AF59-4E6E90CDF61E}.Debug|Any CPU.Build.0 = Debug|Any CPU
		{8C7D7E9F-551B-4883-AF59-4E6E90CDF61E}.Release|Any CPU.ActiveCfg = Release|Any CPU
		{8C7D7E9F-551B-4883-AF59-4E6E90CDF61E}.Release|Any CPU.Build.0 = Release|Any CPU
		{4B820EA8-64D1-446A-882C-D8F25B2B1E3F}.Debug|Any CPU.ActiveCfg = Debug|Any CPU
		{4B820EA8-64D1-446A-882C-D8F25B2B1E3F}.Debug|Any CPU.Build.0 = Debug|Any CPU
		{4B820EA8-64D1-446A-882C-D8F25B2B1E3F}.Release|Any CPU.ActiveCfg = Release|Any CPU
		{4B820EA8-64D1-446A-882C-D8F25B2B1E3F}.Release|Any CPU.Build.0 = Release|Any CPU
	EndGlobalSection
	GlobalSection(SolutionProperties) = preSolution
		HideSolutionNode = FALSE
	EndGlobalSection
	GlobalSection(ExtensibilityGlobals) = postSolution
		SolutionGuid = {D314C770-B461-4928-A483-81F3FC3D9549}
	EndGlobalSection
EndGlobal
